<?xml version="1.0" encoding="utf-8"?>
<Project ToolsVersion="4.0" xmlns="http://schemas.microsoft.com/developer/msbuild/2003">
  <ItemGroup>
    <Filter Include="Fichiers sources">
      <UniqueIdentifier>{4FC737F1-C7A5-4376-A066-2A32D752A2FF}</UniqueIdentifier>
      <Extensions>cpp;c;cc;cxx;c++;cppm;ixx;def;odl;idl;hpj;bat;asm;asmx</Extensions>
    </Filter>
    <Filter Include="Fichiers d%27en-tête">
      <UniqueIdentifier>{93995380-89BD-4b04-88EB-625FBE52EBFB}</UniqueIdentifier>
      <Extensions>h;hh;hpp;hxx;h++;hm;inl;inc;ipp;xsd</Extensions>
    </Filter>
    <Filter Include="Fichiers de ressources">
      <UniqueIdentifier>{67DA6AB6-F800-4c08-8B7A-83BB121AAD01}</UniqueIdentifier>
      <Extensions>rc;ico;cur;bmp;dlg;rc2;rct;bin;rgs;gif;jpg;jpeg;jpe;resx;tiff;tif;png;wav;mfcribbon-ms</Extensions>
    </Filter>
    <Filter Include="Fichiers d%27en-tête\app">
      <UniqueIdentifier>{468690f9-ff4e-432b-98f8-3131a396cb2e}</UniqueIdentifier>
    </Filter>
    <Filter Include="Fichiers sources\imgui">
      <UniqueIdentifier>{1e7fc9bc-62f6-4fca-a75d-664919f22755}</UniqueIdentifier>
    </Filter>
    <Filter Include="Fichiers sources\imgui\themes">
      <UniqueIdentifier>{828d769d-c76b-4258-ae85-3118b0a03376}</UniqueIdentifier>
    </Filter>
    <Filter Include="Fichiers sources\imgui\backends">
      <UniqueIdentifier>{d8e6ca52-93e0-4b5c-972a-cc407c25978a}</UniqueIdentifier>
    </Filter>
    <Filter Include="Fichiers sources\core">
      <UniqueIdentifier>{58c5afac-04f4-4aab-9f85-aa2a4acdb608}</UniqueIdentifier>
    </Filter>
    <Filter Include="Fichiers sources\core\primitives">
      <UniqueIdentifier>{149b72d8-4b97-4139-b40e-369d7d992127}</UniqueIdentifier>
    </Filter>
    <Filter Include="Fichiers sources\core\ui">
      <UniqueIdentifier>{3b17e2d4-9eb5-4858-8265-ae35caac07b5}</UniqueIdentifier>
    </Filter>
    <Filter Include="Fichiers sources\core\lights">
      <UniqueIdentifier>{61eea3d3-e02e-4e7c-916a-bde92ea91de2}</UniqueIdentifier>
    </Filter>
    <Filter Include="Fichiers d%27en-tête\core">
      <UniqueIdentifier>{14df7ed5-a09b-4aad-9d3e-a8fc147d802e}</UniqueIdentifier>
    </Filter>
    <Filter Include="Fichiers d%27en-tête\core\lights">
      <UniqueIdentifier>{b2e1660b-5875-4b60-8e4c-5c23fa7d90da}</UniqueIdentifier>
    </Filter>
    <Filter Include="Fichiers d%27en-tête\core\primitives">
      <UniqueIdentifier>{7d3fc6a0-dd0a-4eea-9f8a-e617f6fb6731}</UniqueIdentifier>
    </Filter>
    <Filter Include="Fichiers d%27en-tête\core\ui">
      <UniqueIdentifier>{5641c59b-5982-4a09-8fbf-008e20f139b6}</UniqueIdentifier>
    </Filter>
    <Filter Include="Fichiers d%27en-tête\core\primitives\base">
      <UniqueIdentifier>{b84c1ba5-f927-4b85-b704-adb2fe29bcff}</UniqueIdentifier>
    </Filter>
    <Filter Include="Fichiers sources\core\primitives\base">
      <UniqueIdentifier>{185f5053-a5d6-4501-a1b8-3a6d4fd2fc75}</UniqueIdentifier>
    </Filter>
    <Filter Include="Fichiers sources\core\lights\base">
      <UniqueIdentifier>{b6382f13-f607-492a-a3fe-1e3887bb862e}</UniqueIdentifier>
    </Filter>
    <Filter Include="Fichiers d%27en-tête\core\lights\base">
      <UniqueIdentifier>{75bf1ded-9355-46b6-9a87-b992427b954a}</UniqueIdentifier>
    </Filter>
    <Filter Include="Fichiers d%27en-tête\core\materials">
      <UniqueIdentifier>{8b69df9f-52d1-42e4-b283-4a5ee5c46146}</UniqueIdentifier>
    </Filter>
    <Filter Include="Fichiers sources\core\materials">
      <UniqueIdentifier>{b385f2fb-b34a-4804-8308-34924c524357}</UniqueIdentifier>
    </Filter>
    <Filter Include="Fichiers d%27en-tête\core\tools">
      <UniqueIdentifier>{7cc1c678-1407-4f5f-8791-7386ec26d59d}</UniqueIdentifier>
    </Filter>
    <Filter Include="Fichiers sources\core\tools">
      <UniqueIdentifier>{8f3b65f4-9b1d-436d-8d7f-63667b8849d6}</UniqueIdentifier>
    </Filter>
    <Filter Include="Fichiers d%27en-tête\core\misc">
      <UniqueIdentifier>{02127387-2f56-4e9d-ae02-e4ad10325536}</UniqueIdentifier>
    </Filter>
    <Filter Include="Fichiers sources\core\misc">
      <UniqueIdentifier>{a0f18bd0-79b9-4e11-84f4-2b0a901ecf76}</UniqueIdentifier>
    </Filter>
    <Filter Include="Fichiers sources\app">
      <UniqueIdentifier>{49036efb-f28c-49f2-ab7d-b9d1ade26ea3}</UniqueIdentifier>
    </Filter>
    <Filter Include="Fichiers d%27en-tête\core\renderers">
      <UniqueIdentifier>{3972c228-6e96-4e1d-9c77-7e3ce523139b}</UniqueIdentifier>
    </Filter>
    <Filter Include="Fichiers sources\core\renderers">
      <UniqueIdentifier>{aa24da26-f99b-4c0a-9941-fe31f1c50a59}</UniqueIdentifier>
    </Filter>
    <Filter Include="Fichiers d%27en-tête\core\renderers\base">
      <UniqueIdentifier>{2b0d9ab1-e57d-4c69-84f8-d2e75f1b4bda}</UniqueIdentifier>
    </Filter>
    <Filter Include="Fichiers sources\core\renderers\base">
      <UniqueIdentifier>{3fcdd127-1263-46bb-9303-e02bbc1fd9f1}</UniqueIdentifier>
    </Filter>
    <Filter Include="Fichiers d%27en-tête\core\managers">
      <UniqueIdentifier>{1092d06d-5dab-4c03-9bf8-a7351a6df8f2}</UniqueIdentifier>
    </Filter>
    <Filter Include="Fichiers sources\core\managers">
      <UniqueIdentifier>{9a97329e-ad6f-4f47-91c7-10e21182ce92}</UniqueIdentifier>
    </Filter>
    <Filter Include="Fichiers d%27en-tête\core\cameras">
      <UniqueIdentifier>{21ff511a-0c7e-4283-8382-accf9066c4c1}</UniqueIdentifier>
    </Filter>
    <Filter Include="Fichiers sources\core\cameras">
      <UniqueIdentifier>{3fdc4067-10fd-42a0-8e26-8ce515d5d488}</UniqueIdentifier>
    </Filter>
    <Filter Include="Fichiers d%27en-tête\core\cameras\base">
      <UniqueIdentifier>{00a01672-22ef-46a6-8be0-f2e590b76bf1}</UniqueIdentifier>
    </Filter>
    <Filter Include="Fichiers sources\core\cameras\base">
      <UniqueIdentifier>{2ca76577-550b-4a60-b0d4-532bbf0a285e}</UniqueIdentifier>
    </Filter>
    <Filter Include="Fichiers sources\core\materials\base">
      <UniqueIdentifier>{336e2109-2526-463e-b94e-27b8290c4e07}</UniqueIdentifier>
    </Filter>
    <Filter Include="Fichiers d%27en-tête\core\materials\base">
      <UniqueIdentifier>{efdb9ff7-90dd-4a21-995c-3c39901d0e85}</UniqueIdentifier>
    </Filter>
    <Filter Include="Fichiers sources\imgui\extensions">
      <UniqueIdentifier>{49f68057-2170-491f-95df-d8e52f466f91}</UniqueIdentifier>
    </Filter>
    <Filter Include="Fichiers sources\imgui\extensions\icons">
      <UniqueIdentifier>{9fb76e97-19ce-4465-a04d-b68399bb2fe7}</UniqueIdentifier>
    </Filter>
    <Filter Include="Fichiers sources\imgui\extensions\toggle">
      <UniqueIdentifier>{ae41996f-a4ac-4bf3-8046-314e2d71c5ec}</UniqueIdentifier>
    </Filter>
    <Filter Include="Fichiers d%27en-tête\core\ecs">
      <UniqueIdentifier>{7ebd757f-0692-4ae8-82b5-c248ce52d85e}</UniqueIdentifier>
    </Filter>
    <Filter Include="Fichiers sources\core\ecs">
      <UniqueIdentifier>{4bac33ba-6857-45ec-81d3-761d46c35645}</UniqueIdentifier>
    </Filter>
    <Filter Include="Fichiers d%27en-tête\core\ecs\entity">
      <UniqueIdentifier>{d96e1916-a47d-4eb4-ab24-6b24e1b292c1}</UniqueIdentifier>
    </Filter>
    <Filter Include="Fichiers d%27en-tête\core\ecs\component">
      <UniqueIdentifier>{080299a3-9e03-4df5-8edc-569c344b0586}</UniqueIdentifier>
    </Filter>
    <Filter Include="Fichiers sources\core\ecs\entity">
      <UniqueIdentifier>{e3d208da-55d0-43e7-80e0-b4e05126e14e}</UniqueIdentifier>
    </Filter>
    <Filter Include="Fichiers sources\core\ecs\component">
      <UniqueIdentifier>{f15b8c31-9d8f-4ad6-89de-f634d55bfc2c}</UniqueIdentifier>
    </Filter>
    <Filter Include="Fichiers d%27en-tête\core\editor">
      <UniqueIdentifier>{b902bccc-eff1-42ea-857b-13a570bdc636}</UniqueIdentifier>
    </Filter>
    <Filter Include="Fichiers sources\core\editor">
      <UniqueIdentifier>{a89033c0-cccd-46f0-9776-f1df86ca8bf4}</UniqueIdentifier>
    </Filter>
    <Filter Include="Fichiers d%27en-tête\core\debug">
      <UniqueIdentifier>{46cf555e-7c5f-45b0-b3fd-4f89adf41aca}</UniqueIdentifier>
    </Filter>
    <Filter Include="Fichiers sources\core\debug">
      <UniqueIdentifier>{d1f8f3fa-a447-484c-8b79-c1dcaa78f88b}</UniqueIdentifier>
    </Filter>
    <Filter Include="Fichiers d%27en-tête\core\models">
      <UniqueIdentifier>{7dc79a58-79fe-4083-8142-637e6a2f64d9}</UniqueIdentifier>
    </Filter>
    <Filter Include="Fichiers sources\core\models">
      <UniqueIdentifier>{907fd9e1-c4cd-4739-ba34-c36d7f175057}</UniqueIdentifier>
    </Filter>
    <Filter Include="Fichiers d%27en-tête\core\animators">
      <UniqueIdentifier>{961ab932-48f3-474b-8e78-a571fb5c1b4c}</UniqueIdentifier>
    </Filter>
    <Filter Include="Fichiers sources\core\animators">
      <UniqueIdentifier>{8b86513d-acd4-495c-8a18-fa4d3cb6fee6}</UniqueIdentifier>
    </Filter>
    <Filter Include="Fichiers d%27en-tête\core\animators\base">
      <UniqueIdentifier>{2612e75c-cc56-4dfb-89a2-cac16b1df180}</UniqueIdentifier>
    </Filter>
    <Filter Include="Fichiers sources\core\animators\base">
      <UniqueIdentifier>{56751c71-9888-4144-ad83-f5c3a2af1c0a}</UniqueIdentifier>
    </Filter>
    <Filter Include="Fichiers sources\imgui\extensions\imGuizmo">
      <UniqueIdentifier>{39068587-84bd-494b-be3c-6d505bad3431}</UniqueIdentifier>
    </Filter>
    <Filter Include="Fichiers d%27en-tête\core\particles">
      <UniqueIdentifier>{96b6380e-51bc-4f04-9869-3e3ce1a8e52a}</UniqueIdentifier>
    </Filter>
    <Filter Include="Fichiers sources\core\particles">
      <UniqueIdentifier>{237a199b-cb27-4d0b-b2a5-cf03a6f5b857}</UniqueIdentifier>
    </Filter>
    <Filter Include="Fichiers d%27en-tête\core\terrain">
      <UniqueIdentifier>{2f2f3e69-50ca-406d-b443-b4056bbec323}</UniqueIdentifier>
    </Filter>
    <Filter Include="Fichiers sources\core\terrain">
      <UniqueIdentifier>{c97c2514-2a1d-49eb-a60d-0a079119a77f}</UniqueIdentifier>
    </Filter>
    <Filter Include="Fichiers sources\core\animations">
      <UniqueIdentifier>{f405f255-0212-45aa-be3b-73d13a1efc5f}</UniqueIdentifier>
    </Filter>
    <Filter Include="Fichiers d%27en-tête\core\animations">
      <UniqueIdentifier>{294603ec-eee9-42b8-bcc4-e8763d7b57af}</UniqueIdentifier>
    </Filter>
    <Filter Include="Fichiers d%27en-tête\core\animations\base">
      <UniqueIdentifier>{faedd392-0c2b-46f9-9086-e0cf133932a5}</UniqueIdentifier>
    </Filter>
    <Filter Include="Fichiers sources\core\animations\base">
      <UniqueIdentifier>{b96df43b-a689-4261-9329-1df493edaaf0}</UniqueIdentifier>
    </Filter>
  </ItemGroup>
  <ItemGroup>
    <ClCompile Include="core\src\lights\directional_light.cpp">
      <Filter>Fichiers sources\core\lights</Filter>
    </ClCompile>
    <ClCompile Include="core\src\lights\point_light.cpp">
      <Filter>Fichiers sources\core\lights</Filter>
    </ClCompile>
    <ClCompile Include="core\src\lights\spot_light.cpp">
      <Filter>Fichiers sources\core\lights</Filter>
    </ClCompile>
    <ClCompile Include="core\src\primitives\billboard.cpp">
      <Filter>Fichiers sources\core\primitives</Filter>
    </ClCompile>
    <ClCompile Include="core\src\primitives\cube.cpp">
      <Filter>Fichiers sources\core\primitives</Filter>
    </ClCompile>
    <ClCompile Include="core\src\primitives\plane.cpp">
      <Filter>Fichiers sources\core\primitives</Filter>
    </ClCompile>
    <ClCompile Include="core\src\ui\text.cpp">
      <Filter>Fichiers sources\core\ui</Filter>
    </ClCompile>
    <ClCompile Include="..\libs\imgui\imgui.cpp">
      <Filter>Fichiers sources\imgui</Filter>
    </ClCompile>
    <ClCompile Include="..\libs\imgui\imgui_demo.cpp">
      <Filter>Fichiers sources\imgui</Filter>
    </ClCompile>
    <ClCompile Include="..\libs\imgui\imgui_draw.cpp">
      <Filter>Fichiers sources\imgui</Filter>
    </ClCompile>
    <ClCompile Include="..\libs\imgui\imgui_tables.cpp">
      <Filter>Fichiers sources\imgui</Filter>
    </ClCompile>
    <ClCompile Include="..\libs\imgui\imgui_widgets.cpp">
      <Filter>Fichiers sources\imgui</Filter>
    </ClCompile>
    <ClCompile Include="..\libs\imgui\themes\imgui_spectrum.cpp">
      <Filter>Fichiers sources\imgui\themes</Filter>
    </ClCompile>
    <ClCompile Include="..\libs\imgui\backends\imgui_impl_opengl3.cpp">
      <Filter>Fichiers sources\imgui\backends</Filter>
    </ClCompile>
    <ClCompile Include="..\libs\imgui\backends\imgui_impl_glfw.cpp">
      <Filter>Fichiers sources\imgui\backends</Filter>
    </ClCompile>
    <ClCompile Include="core\src\shader.cpp">
      <Filter>Fichiers sources\core</Filter>
    </ClCompile>
    <ClCompile Include="core\src\texture.cpp">
      <Filter>Fichiers sources\core</Filter>
    </ClCompile>
    <ClCompile Include="core\src\primitives\primitive.cpp">
      <Filter>Fichiers sources\core\primitives\base</Filter>
    </ClCompile>
    <ClCompile Include="core\src\lights\light.cpp">
      <Filter>Fichiers sources\core\lights\base</Filter>
    </ClCompile>
    <ClCompile Include="core\src\uvmapping.cpp">
      <Filter>Fichiers sources\core</Filter>
    </ClCompile>
    <ClCompile Include="core\src\primitives\sphere.cpp">
      <Filter>Fichiers sources\core\primitives</Filter>
    </ClCompile>
    <ClCompile Include="core\src\tools\system_monitor.cpp">
      <Filter>Fichiers sources\core\tools</Filter>
    </ClCompile>
    <ClCompile Include="core\src\tools\file_system.cpp">
      <Filter>Fichiers sources\core\tools</Filter>
    </ClCompile>
    <ClCompile Include="core\src\ui\sprite.cpp">
      <Filter>Fichiers sources\core\ui</Filter>
    </ClCompile>
    <ClCompile Include="core\src\transform.cpp">
      <Filter>Fichiers sources\core</Filter>
    </ClCompile>
    <ClCompile Include="core\src\bounding_volume_plane.cpp">
      <Filter>Fichiers sources\core</Filter>
    </ClCompile>
    <ClCompile Include="core\src\managers\log_manager.cpp">
      <Filter>Fichiers sources\core\managers</Filter>
    </ClCompile>
    <ClCompile Include="core\src\app\app.cpp">
      <Filter>Fichiers sources\app</Filter>
    </ClCompile>
    <ClCompile Include="core\src\app\scene.cpp">
      <Filter>Fichiers sources\app</Filter>
    </ClCompile>
    <ClCompile Include="core\src\renderers\blinnphong_renderer.cpp">
      <Filter>Fichiers sources\core\renderers</Filter>
    </ClCompile>
    <ClCompile Include="core\src\renderers\pbr_renderer.cpp">
      <Filter>Fichiers sources\core\renderers</Filter>
    </ClCompile>
    <ClCompile Include="core\src\renderers\renderer.cpp">
      <Filter>Fichiers sources\core\renderers\base</Filter>
    </ClCompile>
    <ClCompile Include="core\src\bounding_volume.cpp">
      <Filter>Fichiers sources\core</Filter>
    </ClCompile>
    <ClCompile Include="core\src\aabb.cpp">
      <Filter>Fichiers sources\core</Filter>
    </ClCompile>
    <ClCompile Include="core\src\managers\entity_manager.cpp">
      <Filter>Fichiers sources\core\managers</Filter>
    </ClCompile>
    <ClCompile Include="core\src\tools\helpers.cpp">
      <Filter>Fichiers sources\core\tools</Filter>
    </ClCompile>
    <ClCompile Include="core\src\cameras\camera.cpp">
      <Filter>Fichiers sources\core\cameras\base</Filter>
    </ClCompile>
    <ClCompile Include="core\src\editor\imgui_editor.cpp">
      <Filter>Fichiers sources\core\editor</Filter>
    </ClCompile>
    <ClCompile Include="core\src\primitives\cylinder.cpp">
      <Filter>Fichiers sources\core\primitives</Filter>
    </ClCompile>
    <ClCompile Include="core\src\primitives\cone.cpp">
      <Filter>Fichiers sources\core\primitives</Filter>
    </ClCompile>
    <ClCompile Include="core\src\materials\blinnphong_material.cpp">
      <Filter>Fichiers sources\core\materials</Filter>
    </ClCompile>
    <ClCompile Include="core\src\materials\material.cpp">
      <Filter>Fichiers sources\core\materials\base</Filter>
    </ClCompile>
    <ClCompile Include="core\src\materials\pbr_material.cpp">
      <Filter>Fichiers sources\core\materials</Filter>
    </ClCompile>
    <ClCompile Include="core\src\misc\skybox.cpp">
      <Filter>Fichiers sources\core\misc</Filter>
    </ClCompile>
    <ClCompile Include="..\libs\imgui\extensions\toggle\imgui_toggle.cpp">
      <Filter>Fichiers sources\imgui\extensions\toggle</Filter>
    </ClCompile>
    <ClCompile Include="..\libs\imgui\extensions\toggle\imgui_toggle_palette.cpp">
      <Filter>Fichiers sources\imgui\extensions\toggle</Filter>
    </ClCompile>
    <ClCompile Include="..\libs\imgui\extensions\toggle\imgui_toggle_presets.cpp">
      <Filter>Fichiers sources\imgui\extensions\toggle</Filter>
    </ClCompile>
    <ClCompile Include="..\libs\imgui\extensions\toggle\imgui_toggle_renderer.cpp">
      <Filter>Fichiers sources\imgui\extensions\toggle</Filter>
    </ClCompile>
    <ClCompile Include="core\src\cameras\orbit_camera.cpp">
      <Filter>Fichiers sources\core\cameras</Filter>
    </ClCompile>
    <ClCompile Include="core\src\cameras\fly_camera.cpp">
      <Filter>Fichiers sources\core\cameras</Filter>
    </ClCompile>
    <ClCompile Include="core\src\cameras\fps_camera.cpp">
      <Filter>Fichiers sources\core\cameras</Filter>
    </ClCompile>
    <ClCompile Include="core\src\ecs\entity.cpp">
      <Filter>Fichiers sources\core\ecs\entity</Filter>
    </ClCompile>
    <ClCompile Include="core\src\ecs\camera_component.cpp">
      <Filter>Fichiers sources\core\ecs\component</Filter>
    </ClCompile>
    <ClCompile Include="core\src\ecs\component.cpp">
      <Filter>Fichiers sources\core\ecs\component</Filter>
    </ClCompile>
    <ClCompile Include="core\src\ecs\light_component.cpp">
      <Filter>Fichiers sources\core\ecs\component</Filter>
    </ClCompile>
    <ClCompile Include="core\src\ecs\model_component.cpp">
      <Filter>Fichiers sources\core\ecs\component</Filter>
    </ClCompile>
    <ClCompile Include="core\src\ecs\primitive_component.cpp">
      <Filter>Fichiers sources\core\ecs\component</Filter>
    </ClCompile>
    <ClCompile Include="core\src\ecs\transform_component.cpp">
      <Filter>Fichiers sources\core\ecs\component</Filter>
    </ClCompile>
    <ClCompile Include="core\src\debug\imgui_perf_overlay.cpp">
      <Filter>Fichiers sources\core\debug</Filter>
    </ClCompile>
    <ClCompile Include="core\src\lights\area_light.cpp">
      <Filter>Fichiers sources\core\lights</Filter>
    </ClCompile>
    <ClCompile Include="core\src\singleton.cpp">
      <Filter>Fichiers sources\core</Filter>
    </ClCompile>
    <ClCompile Include="core\src\debug\debug_draw_line.cpp">
      <Filter>Fichiers sources\core\debug</Filter>
    </ClCompile>
    <ClCompile Include="core\src\managers\audio_manager.cpp">
      <Filter>Fichiers sources\core\managers</Filter>
    </ClCompile>
    <ClCompile Include="core\src\debug\opengl_debug.cpp">
      <Filter>Fichiers sources\core\debug</Filter>
    </ClCompile>
    <ClCompile Include="core\src\models\mesh.cpp">
      <Filter>Fichiers sources\core\models</Filter>
    </ClCompile>
    <ClCompile Include="core\src\models\model.cpp">
      <Filter>Fichiers sources\core\models</Filter>
    </ClCompile>
    <ClCompile Include="core\src\models\shared_model.cpp">
      <Filter>Fichiers sources\core\models</Filter>
    </ClCompile>
    <ClCompile Include="core\src\ecs\animator_component.cpp">
      <Filter>Fichiers sources\core\ecs\component</Filter>
    </ClCompile>
    <ClCompile Include="core\src\models\bone.cpp">
      <Filter>Fichiers sources\core\models</Filter>
    </ClCompile>
    <ClCompile Include="core\src\debug\debug_plane_grid.cpp">
      <Filter>Fichiers sources\core\debug</Filter>
    </ClCompile>
    <ClCompile Include="core\src\animators\bone_animator.cpp">
      <Filter>Fichiers sources\core\animators</Filter>
    </ClCompile>
    <ClCompile Include="core\src\animators\animator.cpp">
      <Filter>Fichiers sources\core\animators\base</Filter>
    </ClCompile>
    <ClCompile Include="core\src\editor\editor_helper.cpp">
      <Filter>Fichiers sources\core\editor</Filter>
    </ClCompile>
    <ClCompile Include="core\src\animators\transfom_animator.cpp">
      <Filter>Fichiers sources\core\animators</Filter>
    </ClCompile>
    <ClCompile Include="..\libs\imgui\extensions\imGuizmo\ImGuizmo.cpp">
      <Filter>Fichiers sources\imgui\extensions\imGuizmo</Filter>
    </ClCompile>
    <ClCompile Include="core\src\debug\debug_cube.cpp">
      <Filter>Fichiers sources\core\debug</Filter>
    </ClCompile>
    <ClCompile Include="core\src\tools\random.cpp">
      <Filter>Fichiers sources\core\tools</Filter>
    </ClCompile>
    <ClCompile Include="core\src\particles\particle.cpp">
      <Filter>Fichiers sources\core\particles</Filter>
    </ClCompile>
    <ClCompile Include="core\src\particles\particle_system.cpp">
      <Filter>Fichiers sources\core\particles</Filter>
    </ClCompile>
    <ClCompile Include="core\src\ecs\particlesystem_component.cpp">
      <Filter>Fichiers sources\core\ecs\component</Filter>
    </ClCompile>
    <ClCompile Include="..\libs\stb\stb_vorbis.c">
      <Filter>Fichiers sources</Filter>
    </ClCompile>
    <ClCompile Include="core\src\terrain\terrain.cpp">
      <Filter>Fichiers sources\core\terrain</Filter>
    </ClCompile>
    <ClCompile Include="core\src\ecs\terrain_component.cpp">
      <Filter>Fichiers sources\core\ecs\component</Filter>
    </ClCompile>
    <ClCompile Include="core\src\renderers\phong_renderer.cpp">
      <Filter>Fichiers sources\core\renderers</Filter>
    </ClCompile>
    <ClCompile Include="core\src\animations\animation.cpp">
      <Filter>Fichiers sources\core\animations\base</Filter>
    </ClCompile>
    <ClCompile Include="core\src\animations\bone_animation.cpp">
      <Filter>Fichiers sources\core\animations</Filter>
    </ClCompile>
    <ClCompile Include="core\src\animations\transform_animation.cpp">
      <Filter>Fichiers sources\core\animations</Filter>
    </ClCompile>
    <ClCompile Include="core\src\anim_transform.cpp">
      <Filter>Fichiers sources\core</Filter>
    </ClCompile>
    <ClCompile Include="core\src\debug\debug_frame.cpp">
      <Filter>Fichiers sources\core\debug</Filter>
    </ClCompile>
  </ItemGroup>
  <ItemGroup>
    <ClInclude Include="core\include\lights\spot_light.h">
      <Filter>Fichiers d%27en-tête\core\lights</Filter>
    </ClInclude>
    <ClInclude Include="core\include\lights\point_light.h">
      <Filter>Fichiers d%27en-tête\core\lights</Filter>
    </ClInclude>
    <ClInclude Include="core\include\lights\directional_light.h">
      <Filter>Fichiers d%27en-tête\core\lights</Filter>
    </ClInclude>
    <ClInclude Include="core\include\primitives\billboard.h">
      <Filter>Fichiers d%27en-tête\core\primitives</Filter>
    </ClInclude>
    <ClInclude Include="core\include\primitives\cube.h">
      <Filter>Fichiers d%27en-tête\core\primitives</Filter>
    </ClInclude>
    <ClInclude Include="core\include\primitives\plane.h">
      <Filter>Fichiers d%27en-tête\core\primitives</Filter>
    </ClInclude>
    <ClInclude Include="core\include\ui\text.h">
      <Filter>Fichiers d%27en-tête\core\ui</Filter>
    </ClInclude>
    <ClInclude Include="core\include\engine.h">
      <Filter>Fichiers d%27en-tête</Filter>
    </ClInclude>
    <ClInclude Include="core\include\app\app.h">
      <Filter>Fichiers d%27en-tête\app</Filter>
    </ClInclude>
    <ClInclude Include="..\libs\imgui\imconfig.h">
      <Filter>Fichiers sources\imgui</Filter>
    </ClInclude>
    <ClInclude Include="..\libs\imgui\imgui.h">
      <Filter>Fichiers sources\imgui</Filter>
    </ClInclude>
    <ClInclude Include="..\libs\imgui\imgui_internal.h">
      <Filter>Fichiers sources\imgui</Filter>
    </ClInclude>
    <ClInclude Include="..\libs\imgui\themes\imgui_spectrum.h">
      <Filter>Fichiers sources\imgui\themes</Filter>
    </ClInclude>
    <ClInclude Include="..\libs\imgui\backends\imgui_impl_opengl3_loader.h">
      <Filter>Fichiers sources\imgui\backends</Filter>
    </ClInclude>
    <ClInclude Include="..\libs\imgui\backends\imgui_impl_opengl3.h">
      <Filter>Fichiers sources\imgui\backends</Filter>
    </ClInclude>
    <ClInclude Include="..\libs\imgui\backends\imgui_impl_glfw.h">
      <Filter>Fichiers sources\imgui\backends</Filter>
    </ClInclude>
    <ClInclude Include="core\include\character.h">
      <Filter>Fichiers d%27en-tête\core</Filter>
    </ClInclude>
    <ClInclude Include="core\include\common_defines.h">
      <Filter>Fichiers d%27en-tête\core</Filter>
    </ClInclude>
    <ClInclude Include="core\include\shader.h">
      <Filter>Fichiers d%27en-tête\core</Filter>
    </ClInclude>
    <ClInclude Include="core\include\texture.h">
      <Filter>Fichiers d%27en-tête\core</Filter>
    </ClInclude>
    <ClInclude Include="core\include\vertex.h">
      <Filter>Fichiers d%27en-tête\core</Filter>
    </ClInclude>
    <ClInclude Include="core\include\primitives\primitive.h">
      <Filter>Fichiers d%27en-tête\core\primitives\base</Filter>
    </ClInclude>
    <ClInclude Include="core\include\lights\light.h">
      <Filter>Fichiers d%27en-tête\core\lights\base</Filter>
    </ClInclude>
    <ClInclude Include="core\include\uvmapping.h">
      <Filter>Fichiers d%27en-tête</Filter>
    </ClInclude>
    <ClInclude Include="core\include\primitives\sphere.h">
      <Filter>Fichiers d%27en-tête\core\primitives</Filter>
    </ClInclude>
    <ClInclude Include="core\include\tools\system_monitor.h">
      <Filter>Fichiers d%27en-tête\core\tools</Filter>
    </ClInclude>
    <ClInclude Include="core\include\tools\file_system.h">
      <Filter>Fichiers d%27en-tête\core\tools</Filter>
    </ClInclude>
    <ClInclude Include="core\include\ui\sprite.h">
      <Filter>Fichiers d%27en-tête\core\ui</Filter>
    </ClInclude>
    <ClInclude Include="core\include\app\scene.h">
      <Filter>Fichiers d%27en-tête\app</Filter>
    </ClInclude>
    <ClInclude Include="core\include\transform.h">
      <Filter>Fichiers d%27en-tête\core</Filter>
    </ClInclude>
    <ClInclude Include="core\include\bounding_volume_plane.h">
      <Filter>Fichiers d%27en-tête\core</Filter>
    </ClInclude>
    <ClInclude Include="core\include\misc\noncopyable.h">
      <Filter>Fichiers d%27en-tête\core\misc</Filter>
    </ClInclude>
    <ClInclude Include="core\include\managers\log_manager.h">
      <Filter>Fichiers d%27en-tête\core\managers</Filter>
    </ClInclude>
    <ClInclude Include="core\include\renderers\blinnphong_renderer.h">
      <Filter>Fichiers d%27en-tête\core\renderers</Filter>
    </ClInclude>
    <ClInclude Include="core\include\renderers\pbr_renderer.h">
      <Filter>Fichiers d%27en-tête\core\renderers</Filter>
    </ClInclude>
    <ClInclude Include="core\include\renderers\renderer.h">
      <Filter>Fichiers d%27en-tête\core\renderers\base</Filter>
    </ClInclude>
    <ClInclude Include="core\include\app\scene_settings.h">
      <Filter>Fichiers d%27en-tête\app</Filter>
    </ClInclude>
    <ClInclude Include="core\include\bounding_volume.h">
      <Filter>Fichiers d%27en-tête\core</Filter>
    </ClInclude>
    <ClInclude Include="core\include\frustrum.h">
      <Filter>Fichiers d%27en-tête\core</Filter>
    </ClInclude>
    <ClInclude Include="core\include\aabb.h">
      <Filter>Fichiers d%27en-tête\core</Filter>
    </ClInclude>
    <ClInclude Include="core\include\managers\entity_manager.h">
      <Filter>Fichiers d%27en-tête\core\managers</Filter>
    </ClInclude>
    <ClInclude Include="core\include\tools\helpers.h">
      <Filter>Fichiers d%27en-tête\core\tools</Filter>
    </ClInclude>
    <ClInclude Include="core\include\cameras\camera.h">
      <Filter>Fichiers d%27en-tête\core\cameras\base</Filter>
    </ClInclude>
    <ClInclude Include="core\include\editor\imgui_editor.h">
      <Filter>Fichiers d%27en-tête\core\editor</Filter>
    </ClInclude>
    <ClInclude Include="core\include\primitives\cylinder.h">
      <Filter>Fichiers d%27en-tête\core\primitives</Filter>
    </ClInclude>
    <ClInclude Include="core\include\primitives\cone.h">
      <Filter>Fichiers d%27en-tête\core\primitives</Filter>
    </ClInclude>
    <ClInclude Include="core\include\materials\blinnphong_material.h">
      <Filter>Fichiers d%27en-tête\core\materials</Filter>
    </ClInclude>
    <ClInclude Include="core\include\materials\material.h">
      <Filter>Fichiers d%27en-tête\core\materials\base</Filter>
    </ClInclude>
    <ClInclude Include="core\include\materials\pbr_material.h">
      <Filter>Fichiers d%27en-tête\core\materials</Filter>
    </ClInclude>
    <ClInclude Include="core\include\misc\skybox.h">
      <Filter>Fichiers d%27en-tête\core\misc</Filter>
    </ClInclude>
    <ClInclude Include="..\libs\imgui\extensions\imoguizmo.hpp">
      <Filter>Fichiers sources\imgui\extensions</Filter>
    </ClInclude>
    <ClInclude Include="..\libs\imgui\extensions\icon\IconsForkAwesome.h">
      <Filter>Fichiers sources\imgui\extensions\icons</Filter>
    </ClInclude>
    <ClInclude Include="..\libs\imgui\extensions\toggle\imgui_offset_rect.h">
      <Filter>Fichiers sources\imgui\extensions\toggle</Filter>
    </ClInclude>
    <ClInclude Include="..\libs\imgui\extensions\toggle\imgui_toggle.h">
      <Filter>Fichiers sources\imgui\extensions\toggle</Filter>
    </ClInclude>
    <ClInclude Include="..\libs\imgui\extensions\toggle\imgui_toggle_math.h">
      <Filter>Fichiers sources\imgui\extensions\toggle</Filter>
    </ClInclude>
    <ClInclude Include="..\libs\imgui\extensions\toggle\imgui_toggle_palette.h">
      <Filter>Fichiers sources\imgui\extensions\toggle</Filter>
    </ClInclude>
    <ClInclude Include="..\libs\imgui\extensions\toggle\imgui_toggle_presets.h">
      <Filter>Fichiers sources\imgui\extensions\toggle</Filter>
    </ClInclude>
    <ClInclude Include="..\libs\imgui\extensions\toggle\imgui_toggle_renderer.h">
      <Filter>Fichiers sources\imgui\extensions\toggle</Filter>
    </ClInclude>
    <ClInclude Include="core\include\cameras\orbit_camera.h">
      <Filter>Fichiers d%27en-tête\core\cameras</Filter>
    </ClInclude>
    <ClInclude Include="core\include\cameras\fly_camera.h">
      <Filter>Fichiers d%27en-tête\core\cameras</Filter>
    </ClInclude>
    <ClInclude Include="core\include\cameras\fps_camera.h">
      <Filter>Fichiers d%27en-tête\core\cameras</Filter>
    </ClInclude>
    <ClInclude Include="core\include\ecs\entity.h">
      <Filter>Fichiers d%27en-tête\core\ecs\entity</Filter>
    </ClInclude>
    <ClInclude Include="core\include\ecs\camera_component.h">
      <Filter>Fichiers d%27en-tête\core\ecs\component</Filter>
    </ClInclude>
    <ClInclude Include="core\include\ecs\component.h">
      <Filter>Fichiers d%27en-tête\core\ecs\component</Filter>
    </ClInclude>
    <ClInclude Include="core\include\ecs\light_component.h">
      <Filter>Fichiers d%27en-tête\core\ecs\component</Filter>
    </ClInclude>
    <ClInclude Include="core\include\ecs\model_component.h">
      <Filter>Fichiers d%27en-tête\core\ecs\component</Filter>
    </ClInclude>
    <ClInclude Include="core\include\ecs\primitive_component.h">
      <Filter>Fichiers d%27en-tête\core\ecs\component</Filter>
    </ClInclude>
    <ClInclude Include="core\include\ecs\transform_component.h">
      <Filter>Fichiers d%27en-tête\core\ecs\component</Filter>
    </ClInclude>
    <ClInclude Include="core\include\debug\imgui_perf_overlay.h">
      <Filter>Fichiers d%27en-tête\core\debug</Filter>
    </ClInclude>
    <ClInclude Include="core\include\lights\area_light.h">
      <Filter>Fichiers d%27en-tête\core\lights</Filter>
    </ClInclude>
    <ClInclude Include="core\include\singleton.h">
      <Filter>Fichiers d%27en-tête\core</Filter>
    </ClInclude>
    <ClInclude Include="core\include\misc\ltc_matrix.h">
      <Filter>Fichiers d%27en-tête\core\misc</Filter>
    </ClInclude>
    <ClInclude Include="core\include\misc\colors.h">
      <Filter>Fichiers d%27en-tête\core\misc</Filter>
    </ClInclude>
    <ClInclude Include="core\include\debug\debug_draw_line.h">
      <Filter>Fichiers d%27en-tête\core\debug</Filter>
    </ClInclude>
    <ClInclude Include="core\include\managers\audio_manager.h">
      <Filter>Fichiers d%27en-tête\core\managers</Filter>
    </ClInclude>
    <ClInclude Include="core\include\debug\opengl_debug.h">
      <Filter>Fichiers d%27en-tête\core\debug</Filter>
    </ClInclude>
    <ClInclude Include="core\include\misc\ordered_map.h">
      <Filter>Fichiers d%27en-tête\core\misc</Filter>
    </ClInclude>
    <ClInclude Include="core\include\models\mesh.h">
      <Filter>Fichiers d%27en-tête\core\models</Filter>
    </ClInclude>
    <ClInclude Include="core\include\models\model.h">
      <Filter>Fichiers d%27en-tête\core\models</Filter>
    </ClInclude>
    <ClInclude Include="core\include\models\bone.h">
      <Filter>Fichiers d%27en-tête\core\models</Filter>
    </ClInclude>
    <ClInclude Include="core\include\models\assimp_glm_helpers.h">
      <Filter>Fichiers d%27en-tête\core\models</Filter>
    </ClInclude>
    <ClInclude Include="core\include\models\shared_model.h">
      <Filter>Fichiers d%27en-tête\core\models</Filter>
    </ClInclude>
    <ClInclude Include="core\include\ecs\animator_component.h">
      <Filter>Fichiers d%27en-tête\core\ecs\component</Filter>
    </ClInclude>
    <ClInclude Include="core\include\debug\debug_plane_grid.h">
      <Filter>Fichiers d%27en-tête\core\debug</Filter>
    </ClInclude>
    <ClInclude Include="core\include\animators\bone_animator.h">
      <Filter>Fichiers d%27en-tête\core\animators</Filter>
    </ClInclude>
    <ClInclude Include="core\include\animators\animator.h">
      <Filter>Fichiers d%27en-tête\core\animators\base</Filter>
    </ClInclude>
    <ClInclude Include="core\include\editor\editor_helper.h">
      <Filter>Fichiers d%27en-tête\core\editor</Filter>
    </ClInclude>
    <ClInclude Include="core\include\animators\transform_animator.h">
      <Filter>Fichiers d%27en-tête\core\animators</Filter>
    </ClInclude>
    <ClInclude Include="..\libs\imgui\extensions\imGizmo\ImGuizmo.h">
      <Filter>Fichiers sources\imgui\extensions\imGuizmo</Filter>
    </ClInclude>
    <ClInclude Include="core\include\debug\debug_cube.h">
      <Filter>Fichiers d%27en-tête\core\debug</Filter>
    </ClInclude>
    <ClInclude Include="core\include\tools\random.h">
      <Filter>Fichiers d%27en-tête\core\tools</Filter>
    </ClInclude>
    <ClInclude Include="core\include\particles\particle.h">
      <Filter>Fichiers d%27en-tête\core\particles</Filter>
    </ClInclude>
    <ClInclude Include="core\include\particles\particle_system.h">
      <Filter>Fichiers d%27en-tête\core\particles</Filter>
    </ClInclude>
    <ClInclude Include="core\include\ecs\particlesystem_component.h">
      <Filter>Fichiers d%27en-tête\core\ecs\component</Filter>
    </ClInclude>
    <ClInclude Include="core\include\terrain\terrain.h">
      <Filter>Fichiers d%27en-tête\core\terrain</Filter>
    </ClInclude>
    <ClInclude Include="core\include\ecs\terrain_component.h">
      <Filter>Fichiers d%27en-tête\core\ecs\component</Filter>
    </ClInclude>
    <ClInclude Include="core\include\renderers\phong_renderer.h">
      <Filter>Fichiers d%27en-tête\core\renderers</Filter>
    </ClInclude>
    <ClInclude Include="core\include\animations\animation.h">
      <Filter>Fichiers d%27en-tête\core\animations\base</Filter>
    </ClInclude>
    <ClInclude Include="core\include\animations\bone_animation.h">
      <Filter>Fichiers d%27en-tête\core\animations</Filter>
    </ClInclude>
    <ClInclude Include="core\include\animations\transform_animation.h">
      <Filter>Fichiers d%27en-tête\core\animations</Filter>
    </ClInclude>
    <ClInclude Include="core\include\anim_transform.h">
      <Filter>Fichiers d%27en-tête\core</Filter>
    </ClInclude>
    <ClInclude Include="core\include\debug\debug_frame.h">
      <Filter>Fichiers d%27en-tête\core\debug</Filter>
    </ClInclude>
  </ItemGroup>
</Project>