<?xml version="1.0" encoding="utf-8"?>
<Project ToolsVersion="4.0" xmlns="http://schemas.microsoft.com/developer/msbuild/2003">
  <ItemGroup>
    <Filter Include="sources">
      <UniqueIdentifier>{f18ab499-84e1-499f-8eff-9754361e0e52}</UniqueIdentifier>
      <Extensions>cpp;c;cc;cxx;def;odl;idl;hpj;bat;asm;asmx</Extensions>
    </Filter>
    <Filter Include="app">
      <UniqueIdentifier>{ecba4d98-6140-47d5-9357-072e6fca9424}</UniqueIdentifier>
    </Filter>
    <Filter Include="resources">
      <UniqueIdentifier>{3d58d9a1-323d-4b8f-8aa3-8186fca19015}</UniqueIdentifier>
    </Filter>
    <Filter Include="resources\textures">
      <UniqueIdentifier>{644a638f-930f-445c-a44b-62b351c3c5cf}</UniqueIdentifier>
    </Filter>
    <Filter Include="resources\models">
      <UniqueIdentifier>{82addb28-4746-4f34-a74e-cf40e0154ebf}</UniqueIdentifier>
    </Filter>
    <Filter Include="resources\shaders">
      <UniqueIdentifier>{e61298e3-25fa-40e5-a660-acb1f29ba353}</UniqueIdentifier>
    </Filter>
    <Filter Include="resources\models\backpack">
      <UniqueIdentifier>{693acc77-6906-443a-80fc-b8997b90c83a}</UniqueIdentifier>
    </Filter>
    <Filter Include="resources\models\cushion">
      <UniqueIdentifier>{e373a3cd-4d59-4fc9-81a4-e54db351eae1}</UniqueIdentifier>
    </Filter>
    <Filter Include="resources\fonts">
      <UniqueIdentifier>{f74f87d3-9a7a-4b37-a792-1ecd6f87a6d9}</UniqueIdentifier>
    </Filter>
    <Filter Include="resources\textures\skybox">
      <UniqueIdentifier>{37f2362d-4a07-46cc-a9aa-ff3bc91825bb}</UniqueIdentifier>
    </Filter>
    <Filter Include="resources\textures\pbr">
      <UniqueIdentifier>{25aaffe1-32e0-4a36-9354-a33568bfa73b}</UniqueIdentifier>
    </Filter>
    <Filter Include="resources\textures\pbr\rusted_iron">
      <UniqueIdentifier>{c701a582-e114-43f9-b7fe-899c55904b3d}</UniqueIdentifier>
    </Filter>
    <Filter Include="resources\textures\pbr\bronze">
      <UniqueIdentifier>{14b8aaa2-b2ce-49c5-9200-040841183267}</UniqueIdentifier>
    </Filter>
    <Filter Include="resources\textures\pbr\grass">
      <UniqueIdentifier>{1579fa09-c209-4ce4-ad75-b9637056ea11}</UniqueIdentifier>
    </Filter>
    <Filter Include="resources\textures\pbr\plastic">
      <UniqueIdentifier>{36303312-f24a-432d-8384-a6fe8728ca51}</UniqueIdentifier>
    </Filter>
    <Filter Include="resources\textures\pbr\wall">
      <UniqueIdentifier>{85eda4c5-807b-4e4a-9288-5fd4b92cdb46}</UniqueIdentifier>
    </Filter>
    <Filter Include="resources\textures\pbr\gold">
      <UniqueIdentifier>{949669e2-7ea9-4b35-aac9-6504f9a77ee2}</UniqueIdentifier>
    </Filter>
    <Filter Include="resources\textures\hdr">
      <UniqueIdentifier>{fd0344e0-9aa9-4974-b472-e3d0a15ac31e}</UniqueIdentifier>
    </Filter>
    <Filter Include="resources\shaders\debug">
      <UniqueIdentifier>{2a920df4-6f56-401d-aa64-88bb4ec81485}</UniqueIdentifier>
    </Filter>
    <Filter Include="resources\textures\pbr\red_scifi_metal">
      <UniqueIdentifier>{a259998a-0f2c-4f3e-b013-64b216644f9d}</UniqueIdentifier>
    </Filter>
    <Filter Include="resources\models\sphere">
      <UniqueIdentifier>{e4fb3143-2d7e-4c23-82b0-40b5e5a277a4}</UniqueIdentifier>
    </Filter>
    <Filter Include="resources\models\sphere\red-scifi-model">
      <UniqueIdentifier>{e9d5d28d-f870-4cb5-84a2-cbc601897043}</UniqueIdentifier>
    </Filter>
    <Filter Include="resources\models\sphere\cliff">
      <UniqueIdentifier>{b5e925db-dd51-4a6d-8f0a-5e3931850c87}</UniqueIdentifier>
    </Filter>
  </ItemGroup>
  <ItemGroup>
    <ClCompile Include="main.cpp">
      <Filter>sources</Filter>
    </ClCompile>
    <ClCompile Include="..\libs\glad\src\glad.c">
      <Filter>sources</Filter>
    </ClCompile>
  </ItemGroup>
  <ItemGroup>
    <CopyFileToFolders Include="..\resources\textures\awesomeface.png">
      <Filter>resources\textures</Filter>
    </CopyFileToFolders>
    <CopyFileToFolders Include="..\resources\models\cushion\cushion.mtl">
      <Filter>resources\models\cushion</Filter>
    </CopyFileToFolders>
    <CopyFileToFolders Include="..\resources\models\backpack\ao.jpg">
      <Filter>resources\models\backpack</Filter>
    </CopyFileToFolders>
    <CopyFileToFolders Include="..\resources\models\backpack\backpack.mtl">
      <Filter>resources\models\backpack</Filter>
    </CopyFileToFolders>
    <CopyFileToFolders Include="..\resources\models\backpack\backpack.obj">
      <Filter>resources\models\backpack</Filter>
    </CopyFileToFolders>
    <CopyFileToFolders Include="..\resources\textures\container.jpg">
      <Filter>resources\textures</Filter>
    </CopyFileToFolders>
    <CopyFileToFolders Include="..\resources\textures\container2_diffuse.png">
      <Filter>resources\textures</Filter>
    </CopyFileToFolders>
    <CopyFileToFolders Include="..\resources\textures\container2_specular.png">
      <Filter>resources\textures</Filter>
    </CopyFileToFolders>
    <CopyFileToFolders Include="..\resources\models\cushion\cushion.obj">
      <Filter>resources\models\cushion</Filter>
    </CopyFileToFolders>
    <CopyFileToFolders Include="..\resources\models\cushion\cushion_albedo.jpg">
      <Filter>resources\models\cushion</Filter>
    </CopyFileToFolders>
    <CopyFileToFolders Include="..\resources\models\cushion\cushion_normal.jpg">
      <Filter>resources\models\cushion</Filter>
    </CopyFileToFolders>
    <CopyFileToFolders Include="..\resources\models\cushion\cushion_specular.jpg">
      <Filter>resources\models\cushion</Filter>
    </CopyFileToFolders>
    <CopyFileToFolders Include="..\resources\models\backpack\diffuse.jpg">
      <Filter>resources\models\backpack</Filter>
    </CopyFileToFolders>
    <CopyFileToFolders Include="..\resources\shaders\phong.frag">
      <Filter>resources\shaders</Filter>
    </CopyFileToFolders>
    <CopyFileToFolders Include="..\resources\shaders\phong.vertex">
      <Filter>resources\shaders</Filter>
    </CopyFileToFolders>
    <CopyFileToFolders Include="..\resources\models\backpack\normal.jpg">
      <Filter>resources\models\backpack</Filter>
    </CopyFileToFolders>
    <CopyFileToFolders Include="..\resources\models\backpack\roughness.jpg">
      <Filter>resources\models\backpack</Filter>
    </CopyFileToFolders>
    <CopyFileToFolders Include="..\resources\models\backpack\source_attribution.txt">
      <Filter>resources\models\backpack</Filter>
    </CopyFileToFolders>
    <CopyFileToFolders Include="..\resources\models\backpack\specular.jpg">
      <Filter>resources\models\backpack</Filter>
    </CopyFileToFolders>
    <CopyFileToFolders Include="..\resources\shaders\text.frag">
      <Filter>resources\shaders</Filter>
    </CopyFileToFolders>
    <CopyFileToFolders Include="..\resources\fonts\Antonio-Regular.ttf">
      <Filter>resources\fonts</Filter>
    </CopyFileToFolders>
    <CopyFileToFolders Include="..\resources\shaders\text.vertex">
      <Filter>resources\shaders</Filter>
    </CopyFileToFolders>
    <CopyFileToFolders Include="..\resources\textures\rusted_metal_diffuse.jpg">
      <Filter>resources\textures</Filter>
    </CopyFileToFolders>
    <CopyFileToFolders Include="..\resources\textures\blending_transparent_window.png">
      <Filter>resources\textures</Filter>
    </CopyFileToFolders>
    <CopyFileToFolders Include="..\resources\textures\grass.png">
      <Filter>resources\textures</Filter>
    </CopyFileToFolders>
    <CopyFileToFolders Include="..\resources\shaders\framebuffers_screen.frag">
      <Filter>resources\shaders</Filter>
    </CopyFileToFolders>
    <CopyFileToFolders Include="..\resources\shaders\framebuffers_screen.vertex">
      <Filter>resources\shaders</Filter>
    </CopyFileToFolders>
    <CopyFileToFolders Include="..\resources\shaders\skybox.vertex">
      <Filter>resources\shaders</Filter>
    </CopyFileToFolders>
    <CopyFileToFolders Include="..\resources\shaders\skybox.frag">
      <Filter>resources\shaders</Filter>
    </CopyFileToFolders>
    <CopyFileToFolders Include="..\resources\textures\skybox\back.jpg">
      <Filter>resources\textures\skybox</Filter>
    </CopyFileToFolders>
    <CopyFileToFolders Include="..\resources\textures\skybox\bottom.jpg">
      <Filter>resources\textures\skybox</Filter>
    </CopyFileToFolders>
    <CopyFileToFolders Include="..\resources\textures\skybox\front.jpg">
      <Filter>resources\textures\skybox</Filter>
    </CopyFileToFolders>
    <CopyFileToFolders Include="..\resources\textures\skybox\left.jpg">
      <Filter>resources\textures\skybox</Filter>
    </CopyFileToFolders>
    <CopyFileToFolders Include="..\resources\textures\skybox\right.jpg">
      <Filter>resources\textures\skybox</Filter>
    </CopyFileToFolders>
    <CopyFileToFolders Include="..\resources\textures\skybox\top.jpg">
      <Filter>resources\textures\skybox</Filter>
    </CopyFileToFolders>
    <CopyFileToFolders Include="..\resources\shaders\cubemap.vertex">
      <Filter>resources\shaders</Filter>
    </CopyFileToFolders>
    <CopyFileToFolders Include="..\resources\shaders\cubemap.frag">
      <Filter>resources\shaders</Filter>
    </CopyFileToFolders>
    <CopyFileToFolders Include="..\resources\shaders\blinn-phong.frag">
      <Filter>resources\shaders</Filter>
    </CopyFileToFolders>
    <CopyFileToFolders Include="..\resources\shaders\blinn-phong.vertex">
      <Filter>resources\shaders</Filter>
    </CopyFileToFolders>
    <CopyFileToFolders Include="..\resources\textures\rusted_metal_specular.jpg">
      <Filter>resources\textures</Filter>
    </CopyFileToFolders>
    <CopyFileToFolders Include="..\resources\textures\wood_diffuse.png">
      <Filter>resources\textures</Filter>
    </CopyFileToFolders>
    <CopyFileToFolders Include="..\resources\textures\wood_specular.png">
      <Filter>resources\textures</Filter>
    </CopyFileToFolders>
    <CopyFileToFolders Include="..\resources\shaders\shadow_mapping_depth.frag">
      <Filter>resources\shaders</Filter>
    </CopyFileToFolders>
    <CopyFileToFolders Include="..\resources\shaders\shadow_mapping_depth.vertex">
      <Filter>resources\shaders</Filter>
    </CopyFileToFolders>
    <CopyFileToFolders Include="..\resources\textures\container2_normal.png">
      <Filter>resources\textures</Filter>
    </CopyFileToFolders>
    <CopyFileToFolders Include="..\resources\shaders\pbr.frag">
      <Filter>resources\shaders</Filter>
    </CopyFileToFolders>
    <CopyFileToFolders Include="..\resources\shaders\pbr.vertex">
      <Filter>resources\shaders</Filter>
    </CopyFileToFolders>
    <CopyFileToFolders Include="..\resources\shaders\background.frag">
      <Filter>resources\shaders</Filter>
    </CopyFileToFolders>
    <CopyFileToFolders Include="..\resources\textures\pbr\rusted_iron\albedo.png">
      <Filter>resources\textures\pbr\rusted_iron</Filter>
    </CopyFileToFolders>
    <CopyFileToFolders Include="..\resources\textures\pbr\bronze\albedo.png">
      <Filter>resources\textures\pbr\bronze</Filter>
    </CopyFileToFolders>
    <CopyFileToFolders Include="..\resources\textures\pbr\bronze\ao.png">
      <Filter>resources\textures\pbr\bronze</Filter>
    </CopyFileToFolders>
    <CopyFileToFolders Include="..\resources\textures\pbr\bronze\height.png">
      <Filter>resources\textures\pbr\bronze</Filter>
    </CopyFileToFolders>
    <CopyFileToFolders Include="..\resources\textures\pbr\bronze\metallic.png">
      <Filter>resources\textures\pbr\bronze</Filter>
    </CopyFileToFolders>
    <CopyFileToFolders Include="..\resources\textures\pbr\bronze\normal.png">
      <Filter>resources\textures\pbr\bronze</Filter>
    </CopyFileToFolders>
    <CopyFileToFolders Include="..\resources\textures\pbr\bronze\roughness.png">
      <Filter>resources\textures\pbr\bronze</Filter>
    </CopyFileToFolders>
    <CopyFileToFolders Include="..\resources\textures\pbr\grass\albedo.png">
      <Filter>resources\textures\pbr\grass</Filter>
    </CopyFileToFolders>
    <CopyFileToFolders Include="..\resources\textures\pbr\plastic\albedo.png">
      <Filter>resources\textures\pbr\plastic</Filter>
    </CopyFileToFolders>
    <CopyFileToFolders Include="..\resources\textures\pbr\plastic\ao.png">
      <Filter>resources\textures\pbr\plastic</Filter>
    </CopyFileToFolders>
    <CopyFileToFolders Include="..\resources\textures\pbr\plastic\metallic.png">
      <Filter>resources\textures\pbr\plastic</Filter>
    </CopyFileToFolders>
    <CopyFileToFolders Include="..\resources\textures\pbr\plastic\normal.png">
      <Filter>resources\textures\pbr\plastic</Filter>
    </CopyFileToFolders>
    <CopyFileToFolders Include="..\resources\textures\pbr\plastic\roughness.png">
      <Filter>resources\textures\pbr\plastic</Filter>
    </CopyFileToFolders>
    <CopyFileToFolders Include="..\resources\textures\pbr\wall\albedo.png">
      <Filter>resources\textures\pbr\wall</Filter>
    </CopyFileToFolders>
    <CopyFileToFolders Include="..\resources\textures\pbr\gold\albedo.png">
      <Filter>resources\textures\pbr\gold</Filter>
    </CopyFileToFolders>
    <CopyFileToFolders Include="..\resources\textures\pbr\gold\ao.png">
      <Filter>resources\textures\pbr\gold</Filter>
    </CopyFileToFolders>
    <CopyFileToFolders Include="..\resources\textures\pbr\gold\metallic.png">
      <Filter>resources\textures\pbr\gold</Filter>
    </CopyFileToFolders>
    <CopyFileToFolders Include="..\resources\textures\pbr\gold\normal.png">
      <Filter>resources\textures\pbr\gold</Filter>
    </CopyFileToFolders>
    <CopyFileToFolders Include="..\resources\textures\pbr\gold\roughness.png">
      <Filter>resources\textures\pbr\gold</Filter>
    </CopyFileToFolders>
    <CopyFileToFolders Include="..\resources\textures\hdr\newport_loft.hdr">
      <Filter>resources\textures\hdr</Filter>
    </CopyFileToFolders>
    <CopyFileToFolders Include="..\resources\shaders\brdf.frag">
      <Filter>resources\shaders</Filter>
    </CopyFileToFolders>
    <CopyFileToFolders Include="..\resources\shaders\prefilter.frag">
      <Filter>resources\shaders</Filter>
    </CopyFileToFolders>
    <CopyFileToFolders Include="..\resources\shaders\irradiance_convolution.frag">
      <Filter>resources\shaders</Filter>
    </CopyFileToFolders>
    <CopyFileToFolders Include="..\resources\shaders\cubemap2.vertex">
      <Filter>resources\shaders</Filter>
    </CopyFileToFolders>
    <CopyFileToFolders Include="..\resources\shaders\equirectangular_to_cubemap.frag">
      <Filter>resources\shaders</Filter>
    </CopyFileToFolders>
    <CopyFileToFolders Include="..\resources\shaders\background.vertex">
      <Filter>resources\shaders</Filter>
    </CopyFileToFolders>
    <CopyFileToFolders Include="..\resources\shaders\brdf.vertex">
      <Filter>resources\shaders</Filter>
    </CopyFileToFolders>
    <CopyFileToFolders Include="..\resources\textures\pbr\grass\ao.png">
      <Filter>resources\textures\pbr\grass</Filter>
    </CopyFileToFolders>
    <CopyFileToFolders Include="..\resources\textures\pbr\rusted_iron\ao.png">
      <Filter>resources\textures\pbr\rusted_iron</Filter>
    </CopyFileToFolders>
    <CopyFileToFolders Include="..\resources\textures\pbr\grass\metallic.png">
      <Filter>resources\textures\pbr\grass</Filter>
    </CopyFileToFolders>
    <CopyFileToFolders Include="..\resources\textures\pbr\wall\metallic.png">
      <Filter>resources\textures\pbr\wall</Filter>
    </CopyFileToFolders>
    <CopyFileToFolders Include="..\resources\textures\pbr\grass\normal.png">
      <Filter>resources\textures\pbr\grass</Filter>
    </CopyFileToFolders>
    <CopyFileToFolders Include="..\resources\textures\pbr\wall\normal.png">
      <Filter>resources\textures\pbr\wall</Filter>
    </CopyFileToFolders>
    <CopyFileToFolders Include="..\resources\textures\pbr\rusted_iron\normal.png">
      <Filter>resources\textures\pbr\rusted_iron</Filter>
    </CopyFileToFolders>
    <CopyFileToFolders Include="..\resources\textures\pbr\wall\roughness.png">
      <Filter>resources\textures\pbr\wall</Filter>
    </CopyFileToFolders>
    <CopyFileToFolders Include="..\resources\textures\pbr\rusted_iron\roughness.png">
      <Filter>resources\textures\pbr\rusted_iron</Filter>
    </CopyFileToFolders>
    <CopyFileToFolders Include="..\resources\textures\pbr\grass\roughness.png">
      <Filter>resources\textures\pbr\grass</Filter>
    </CopyFileToFolders>
    <CopyFileToFolders Include="..\resources\textures\pbr\wall\ao.png">
      <Filter>resources\textures\pbr\wall</Filter>
    </CopyFileToFolders>
    <CopyFileToFolders Include="..\resources\textures\pbr\rusted_iron\metallic.png">
      <Filter>resources\textures\pbr\rusted_iron</Filter>
    </CopyFileToFolders>
    <CopyFileToFolders Include="..\resources\textures\hdr\photo_studio_loft_hall_2k.hdr">
      <Filter>resources\textures\hdr</Filter>
    </CopyFileToFolders>
    <CopyFileToFolders Include="..\resources\shaders\debug\debug_light.vertex">
      <Filter>resources\shaders\debug</Filter>
    </CopyFileToFolders>
    <CopyFileToFolders Include="..\resources\shaders\debug\debug_light.frag">
      <Filter>resources\shaders\debug</Filter>
    </CopyFileToFolders>
    <CopyFileToFolders Include="..\resources\textures\pbr\red-scifi-metal\albedo.png">
      <Filter>resources\textures\pbr\red_scifi_metal</Filter>
    </CopyFileToFolders>
    <CopyFileToFolders Include="..\resources\shaders\debug\debug_depth_buffer.frag">
      <Filter>resources\shaders\debug</Filter>
    </CopyFileToFolders>
    <CopyFileToFolders Include="..\resources\shaders\debug\debug_depth_buffer.vertex">
      <Filter>resources\shaders\debug</Filter>
    </CopyFileToFolders>
    <CopyFileToFolders Include="..\resources\shaders\debug\debug_quad_depth.frag">
      <Filter>resources\shaders\debug</Filter>
    </CopyFileToFolders>
    <CopyFileToFolders Include="..\resources\shaders\debug\debug_quad_depth.vertex">
      <Filter>resources\shaders\debug</Filter>
    </CopyFileToFolders>
    <CopyFileToFolders Include="..\resources\models\sphere\red-scifi-metal\albedo.png">
      <Filter>resources\models\sphere\red-scifi-model</Filter>
    </CopyFileToFolders>
    <CopyFileToFolders Include="..\resources\models\sphere\cliff\albedo.jpg">
      <Filter>resources\models\sphere\cliff</Filter>
    </CopyFileToFolders>
    <CopyFileToFolders Include="..\resources\models\sphere\cliff\ao.jpg">
      <Filter>resources\models\sphere\cliff</Filter>
    </CopyFileToFolders>
    <CopyFileToFolders Include="..\resources\models\sphere\cliff\height.jpg">
      <Filter>resources\models\sphere\cliff</Filter>
    </CopyFileToFolders>
    <CopyFileToFolders Include="..\resources\models\sphere\cliff\normal.jpg">
      <Filter>resources\models\sphere\cliff</Filter>
    </CopyFileToFolders>
    <CopyFileToFolders Include="..\resources\models\sphere\cliff\roughness.jpg">
      <Filter>resources\models\sphere\cliff</Filter>
    </CopyFileToFolders>
    <CopyFileToFolders Include="..\resources\models\sphere\red-scifi-metal\ao.png" />
    <CopyFileToFolders Include="..\resources\models\sphere\red-scifi-metal\height.png" />
    <CopyFileToFolders Include="..\resources\models\sphere\red-scifi-metal\metallic.png" />
    <CopyFileToFolders Include="..\resources\models\sphere\red-scifi-metal\normal.png" />
    <CopyFileToFolders Include="..\resources\models\sphere\red-scifi-metal\roughness.png" />
    <CopyFileToFolders Include="..\resources\models\sphere\smooth_sphere_80.mtl">
      <Filter>resources\models\sphere</Filter>
    </CopyFileToFolders>
    <CopyFileToFolders Include="..\resources\models\sphere\smooth_sphere_80.obj">
      <Filter>resources\models\sphere</Filter>
    </CopyFileToFolders>
  </ItemGroup>
  <ItemGroup>
    <ClInclude Include="app\myapp1.h">
      <Filter>app</Filter>
    </ClInclude>
    <ClInclude Include="app\myapp2.h">
      <Filter>app</Filter>
    </ClInclude>
    <ClInclude Include="app\myapp3.h">
      <Filter>app</Filter>
    </ClInclude>
  </ItemGroup>
</Project>