<?xml version="1.0" encoding="utf-8"?>
<Project ToolsVersion="4.0" xmlns="http://schemas.microsoft.com/developer/msbuild/2003">
  <ItemGroup>
    <Filter Include="imgui">
      <UniqueIdentifier>{20b90ce4-7fcb-4731-b9a0-075f875de82d}</UniqueIdentifier>
    </Filter>
    <Filter Include="sources">
      <UniqueIdentifier>{f18ab499-84e1-499f-8eff-9754361e0e52}</UniqueIdentifier>
      <Extensions>cpp;c;cc;cxx;def;odl;idl;hpj;bat;asm;asmx</Extensions>
    </Filter>
    <Filter Include="app">
      <UniqueIdentifier>{ecba4d98-6140-47d5-9357-072e6fca9424}</UniqueIdentifier>
    </Filter>
    <Filter Include="resources">
      <UniqueIdentifier>{3d58d9a1-323d-4b8f-8aa3-8186fca19015}</UniqueIdentifier>
    </Filter>
    <Filter Include="resources\textures">
      <UniqueIdentifier>{644a638f-930f-445c-a44b-62b351c3c5cf}</UniqueIdentifier>
    </Filter>
    <Filter Include="resources\models">
      <UniqueIdentifier>{82addb28-4746-4f34-a74e-cf40e0154ebf}</UniqueIdentifier>
    </Filter>
    <Filter Include="resources\shaders">
      <UniqueIdentifier>{e61298e3-25fa-40e5-a660-acb1f29ba353}</UniqueIdentifier>
    </Filter>
    <Filter Include="resources\models\backpack">
      <UniqueIdentifier>{693acc77-6906-443a-80fc-b8997b90c83a}</UniqueIdentifier>
    </Filter>
    <Filter Include="resources\models\cushion">
      <UniqueIdentifier>{e373a3cd-4d59-4fc9-81a4-e54db351eae1}</UniqueIdentifier>
    </Filter>
    <Filter Include="themes">
      <UniqueIdentifier>{4e942a50-e1ab-4d1f-a299-0d0a4b94fcc1}</UniqueIdentifier>
    </Filter>
    <Filter Include="resources\fonts">
      <UniqueIdentifier>{f74f87d3-9a7a-4b37-a792-1ecd6f87a6d9}</UniqueIdentifier>
    </Filter>
    <Filter Include="app\ui">
      <UniqueIdentifier>{33f78ae4-7d59-4b53-be66-21f4e3c09528}</UniqueIdentifier>
    </Filter>
    <Filter Include="app\primitives">
      <UniqueIdentifier>{fcb262fc-d96a-4988-8d7c-6778cf09aee7}</UniqueIdentifier>
    </Filter>
    <Filter Include="app\lights">
      <UniqueIdentifier>{b6a655f7-2a49-4907-8047-dc4df3c67c90}</UniqueIdentifier>
    </Filter>
    <Filter Include="app\lights\base">
      <UniqueIdentifier>{cc3d1065-f29e-42bc-adf7-be6dbdd79c33}</UniqueIdentifier>
    </Filter>
    <Filter Include="app\primitives\base">
      <UniqueIdentifier>{23920bf6-533c-4476-99a3-0f4ae57fbef8}</UniqueIdentifier>
    </Filter>
  </ItemGroup>
  <ItemGroup>
    <ClCompile Include="main.cpp">
      <Filter>sources</Filter>
    </ClCompile>
    <ClCompile Include="imgui.cpp">
      <Filter>imgui</Filter>
    </ClCompile>
    <ClCompile Include="imgui_demo.cpp">
      <Filter>imgui</Filter>
    </ClCompile>
    <ClCompile Include="imgui_draw.cpp">
      <Filter>imgui</Filter>
    </ClCompile>
    <ClCompile Include="imgui_tables.cpp">
      <Filter>imgui</Filter>
    </ClCompile>
    <ClCompile Include="imgui_widgets.cpp">
      <Filter>imgui</Filter>
    </ClCompile>
    <ClCompile Include="backends\imgui_impl_glfw.cpp">
      <Filter>sources</Filter>
    </ClCompile>
    <ClCompile Include="backends\imgui_impl_opengl3.cpp">
      <Filter>sources</Filter>
    </ClCompile>
    <ClCompile Include="..\libs\glad\src\glad.c">
      <Filter>sources</Filter>
    </ClCompile>
    <ClCompile Include="themes\imgui_spectrum.cpp">
      <Filter>sources</Filter>
    </ClCompile>
  </ItemGroup>
  <ItemGroup>
    <ClInclude Include="imconfig.h">
      <Filter>imgui</Filter>
    </ClInclude>
    <ClInclude Include="imgui.h">
      <Filter>imgui</Filter>
    </ClInclude>
    <ClInclude Include="imgui_internal.h">
      <Filter>imgui</Filter>
    </ClInclude>
    <ClInclude Include="backends\imgui_impl_glfw.h">
      <Filter>sources</Filter>
    </ClInclude>
    <ClInclude Include="backends\imgui_impl_opengl3.h">
      <Filter>sources</Filter>
    </ClInclude>
    <ClInclude Include="backends\imgui_impl_opengl3_loader.h">
      <Filter>sources</Filter>
    </ClInclude>
    <ClInclude Include="app\camera.h">
      <Filter>app</Filter>
    </ClInclude>
    <ClInclude Include="app\cubes.h">
      <Filter>app</Filter>
    </ClInclude>
    <ClInclude Include="app\file_system.h">
      <Filter>app</Filter>
    </ClInclude>
    <ClInclude Include="app\lights.h">
      <Filter>app</Filter>
    </ClInclude>
    <ClInclude Include="app\mesh.h">
      <Filter>app</Filter>
    </ClInclude>
    <ClInclude Include="app\model.h">
      <Filter>app</Filter>
    </ClInclude>
    <ClInclude Include="app\shader.h">
      <Filter>app</Filter>
    </ClInclude>
    <ClInclude Include="app\texture.h">
      <Filter>app</Filter>
    </ClInclude>
    <ClInclude Include="app\texture_helper.h">
      <Filter>app</Filter>
    </ClInclude>
    <ClInclude Include="app\vertex.h">
      <Filter>app</Filter>
    </ClInclude>
    <ClInclude Include="themes\imgui_spectrum.h">
      <Filter>themes</Filter>
    </ClInclude>
    <ClInclude Include="app\character.h">
      <Filter>app</Filter>
    </ClInclude>
    <ClInclude Include="app\ui\text.h">
      <Filter>app\ui</Filter>
    </ClInclude>
    <ClInclude Include="app\primitives\cube.h">
      <Filter>app\primitives</Filter>
    </ClInclude>
    <ClInclude Include="app\primitives\plane.h">
      <Filter>app\primitives</Filter>
    </ClInclude>
    <ClInclude Include="app\lights\point_light.h">
      <Filter>app\lights</Filter>
    </ClInclude>
    <ClInclude Include="app\lights\directional_light.h">
      <Filter>app\lights</Filter>
    </ClInclude>
    <ClInclude Include="app\lights\spot_light.h">
      <Filter>app\lights</Filter>
    </ClInclude>
    <ClInclude Include="app\lights\light.h">
      <Filter>app\lights\base</Filter>
    </ClInclude>
    <ClInclude Include="app\common_defines.h">
      <Filter>app</Filter>
    </ClInclude>
    <ClInclude Include="app\primitives\primitive.h">
      <Filter>app\primitives\base</Filter>
    </ClInclude>
    <ClInclude Include="app\primitives\billboard.h">
      <Filter>app\primitives</Filter>
    </ClInclude>
    <ClInclude Include="app\primitives\skybox.h">
      <Filter>app\primitives</Filter>
    </ClInclude>
  </ItemGroup>
  <ItemGroup>
    <None Include="misc\debuggers\imgui.natvis">
      <Filter>imgui</Filter>
    </None>
    <None Include="misc\debuggers\imgui.natstepfilter">
      <Filter>imgui</Filter>
    </None>
  </ItemGroup>
  <ItemGroup>
    <CopyFileToFolders Include="..\resources\textures\awesomeface.png">
      <Filter>resources\textures</Filter>
    </CopyFileToFolders>
    <CopyFileToFolders Include="..\resources\shaders\light_cube.frag">
      <Filter>resources\shaders</Filter>
    </CopyFileToFolders>
    <CopyFileToFolders Include="..\resources\models\cushion\cushion.mtl">
      <Filter>resources\models\cushion</Filter>
    </CopyFileToFolders>
    <CopyFileToFolders Include="..\resources\models\backpack\ao.jpg">
      <Filter>resources\models\backpack</Filter>
    </CopyFileToFolders>
    <CopyFileToFolders Include="..\resources\models\backpack\backpack.mtl">
      <Filter>resources\models\backpack</Filter>
    </CopyFileToFolders>
    <CopyFileToFolders Include="..\resources\models\backpack\backpack.obj">
      <Filter>resources\models\backpack</Filter>
    </CopyFileToFolders>
    <CopyFileToFolders Include="..\resources\textures\container.jpg">
      <Filter>resources\textures</Filter>
    </CopyFileToFolders>
    <CopyFileToFolders Include="..\resources\textures\container2.png">
      <Filter>resources\textures</Filter>
    </CopyFileToFolders>
    <CopyFileToFolders Include="..\resources\textures\container2_specular.png">
      <Filter>resources\textures</Filter>
    </CopyFileToFolders>
    <CopyFileToFolders Include="..\resources\models\cushion\cushion.obj">
      <Filter>resources\models\cushion</Filter>
    </CopyFileToFolders>
    <CopyFileToFolders Include="..\resources\models\cushion\cushion_albedo.jpg">
      <Filter>resources\models\cushion</Filter>
    </CopyFileToFolders>
    <CopyFileToFolders Include="..\resources\models\cushion\cushion_normal.jpg">
      <Filter>resources\models\cushion</Filter>
    </CopyFileToFolders>
    <CopyFileToFolders Include="..\resources\models\cushion\cushion_specular.jpg">
      <Filter>resources\models\cushion</Filter>
    </CopyFileToFolders>
    <CopyFileToFolders Include="..\resources\models\backpack\diffuse.jpg">
      <Filter>resources\models\backpack</Filter>
    </CopyFileToFolders>
    <CopyFileToFolders Include="..\resources\shaders\light_cube.vertex">
      <Filter>resources\shaders</Filter>
    </CopyFileToFolders>
    <CopyFileToFolders Include="..\resources\shaders\shader.frag">
      <Filter>resources\shaders</Filter>
    </CopyFileToFolders>
    <CopyFileToFolders Include="..\resources\shaders\shader.vertex">
      <Filter>resources\shaders</Filter>
    </CopyFileToFolders>
    <CopyFileToFolders Include="..\resources\models\backpack\normal.jpg">
      <Filter>resources\models\backpack</Filter>
    </CopyFileToFolders>
    <CopyFileToFolders Include="..\resources\models\backpack\roughness.jpg">
      <Filter>resources\models\backpack</Filter>
    </CopyFileToFolders>
    <CopyFileToFolders Include="..\resources\models\backpack\source_attribution.txt">
      <Filter>resources\models\backpack</Filter>
    </CopyFileToFolders>
    <CopyFileToFolders Include="..\resources\models\backpack\specular.jpg">
      <Filter>resources\models\backpack</Filter>
    </CopyFileToFolders>
    <CopyFileToFolders Include="..\resources\shaders\text.frag">
      <Filter>resources\shaders</Filter>
    </CopyFileToFolders>
    <CopyFileToFolders Include="..\resources\fonts\Antonio-Regular.ttf">
      <Filter>resources\fonts</Filter>
    </CopyFileToFolders>
    <CopyFileToFolders Include="..\resources\shaders\text.vertex">
      <Filter>resources\shaders</Filter>
    </CopyFileToFolders>
    <CopyFileToFolders Include="..\resources\shaders\depthbuffer.frag">
      <Filter>resources\shaders</Filter>
    </CopyFileToFolders>
    <CopyFileToFolders Include="..\resources\shaders\depthbuffer.vertex">
      <Filter>resources\shaders</Filter>
    </CopyFileToFolders>
    <CopyFileToFolders Include="..\resources\textures\rusted_metal.jpg">
      <Filter>resources\textures</Filter>
    </CopyFileToFolders>
    <CopyFileToFolders Include="..\resources\textures\blending_transparent_window.png">
      <Filter>resources\textures</Filter>
    </CopyFileToFolders>
    <CopyFileToFolders Include="..\resources\textures\grass.png">
      <Filter>resources\textures</Filter>
    </CopyFileToFolders>
    <CopyFileToFolders Include="..\resources\shaders\framebuffers_screen.frag">
      <Filter>resources\shaders</Filter>
    </CopyFileToFolders>
    <CopyFileToFolders Include="..\resources\shaders\framebuffers_screen.vertex">
      <Filter>resources\shaders</Filter>
    </CopyFileToFolders>
    <CopyFileToFolders Include="..\resources\shaders\skybox.vertex">
      <Filter>resources\shaders</Filter>
    </CopyFileToFolders>
    <CopyFileToFolders Include="..\resources\shaders\skybox.frag" />
    <CopyFileToFolders Include="..\resources\textures\skybox\back.jpg" />
    <CopyFileToFolders Include="..\resources\textures\skybox\bottom.jpg" />
    <CopyFileToFolders Include="..\resources\textures\skybox\front.jpg" />
    <CopyFileToFolders Include="..\resources\textures\skybox\left.jpg" />
    <CopyFileToFolders Include="..\resources\textures\skybox\right.jpg" />
    <CopyFileToFolders Include="..\resources\textures\skybox\top.jpg" />
  </ItemGroup>
</Project>