<?xml version="1.0" encoding="utf-8"?>
<Project ToolsVersion="4.0" xmlns="http://schemas.microsoft.com/developer/msbuild/2003">
  <ItemGroup>
    <Filter Include="sources">
      <UniqueIdentifier>{f18ab499-84e1-499f-8eff-9754361e0e52}</UniqueIdentifier>
      <Extensions>cpp;c;cc;cxx;def;odl;idl;hpj;bat;asm;asmx</Extensions>
    </Filter>
    <Filter Include="app">
      <UniqueIdentifier>{ecba4d98-6140-47d5-9357-072e6fca9424}</UniqueIdentifier>
    </Filter>
    <Filter Include="resources">
      <UniqueIdentifier>{3d58d9a1-323d-4b8f-8aa3-8186fca19015}</UniqueIdentifier>
    </Filter>
    <Filter Include="resources\textures">
      <UniqueIdentifier>{644a638f-930f-445c-a44b-62b351c3c5cf}</UniqueIdentifier>
    </Filter>
    <Filter Include="resources\models">
      <UniqueIdentifier>{82addb28-4746-4f34-a74e-cf40e0154ebf}</UniqueIdentifier>
    </Filter>
    <Filter Include="resources\shaders">
      <UniqueIdentifier>{e61298e3-25fa-40e5-a660-acb1f29ba353}</UniqueIdentifier>
    </Filter>
    <Filter Include="resources\models\backpack">
      <UniqueIdentifier>{693acc77-6906-443a-80fc-b8997b90c83a}</UniqueIdentifier>
    </Filter>
    <Filter Include="resources\models\cushion">
      <UniqueIdentifier>{e373a3cd-4d59-4fc9-81a4-e54db351eae1}</UniqueIdentifier>
    </Filter>
    <Filter Include="resources\fonts">
      <UniqueIdentifier>{f74f87d3-9a7a-4b37-a792-1ecd6f87a6d9}</UniqueIdentifier>
    </Filter>
    <Filter Include="resources\textures\skybox">
      <UniqueIdentifier>{37f2362d-4a07-46cc-a9aa-ff3bc91825bb}</UniqueIdentifier>
    </Filter>
  </ItemGroup>
  <ItemGroup>
    <ClCompile Include="main.cpp">
      <Filter>sources</Filter>
    </ClCompile>
    <ClCompile Include="..\libs\glad\src\glad.c">
      <Filter>sources</Filter>
    </ClCompile>
  </ItemGroup>
  <ItemGroup>
    <ClInclude Include="myapp.h">
      <Filter>sources</Filter>
    </ClInclude>
  </ItemGroup>
  <ItemGroup>
    <CopyFileToFolders Include="..\resources\textures\awesomeface.png">
      <Filter>resources\textures</Filter>
    </CopyFileToFolders>
    <CopyFileToFolders Include="..\resources\shaders\light_cube.frag">
      <Filter>resources\shaders</Filter>
    </CopyFileToFolders>
    <CopyFileToFolders Include="..\resources\models\cushion\cushion.mtl">
      <Filter>resources\models\cushion</Filter>
    </CopyFileToFolders>
    <CopyFileToFolders Include="..\resources\models\backpack\ao.jpg">
      <Filter>resources\models\backpack</Filter>
    </CopyFileToFolders>
    <CopyFileToFolders Include="..\resources\models\backpack\backpack.mtl">
      <Filter>resources\models\backpack</Filter>
    </CopyFileToFolders>
    <CopyFileToFolders Include="..\resources\models\backpack\backpack.obj">
      <Filter>resources\models\backpack</Filter>
    </CopyFileToFolders>
    <CopyFileToFolders Include="..\resources\textures\container.jpg">
      <Filter>resources\textures</Filter>
    </CopyFileToFolders>
    <CopyFileToFolders Include="..\resources\textures\container2.png">
      <Filter>resources\textures</Filter>
    </CopyFileToFolders>
    <CopyFileToFolders Include="..\resources\textures\container2_specular.png">
      <Filter>resources\textures</Filter>
    </CopyFileToFolders>
    <CopyFileToFolders Include="..\resources\models\cushion\cushion.obj">
      <Filter>resources\models\cushion</Filter>
    </CopyFileToFolders>
    <CopyFileToFolders Include="..\resources\models\cushion\cushion_albedo.jpg">
      <Filter>resources\models\cushion</Filter>
    </CopyFileToFolders>
    <CopyFileToFolders Include="..\resources\models\cushion\cushion_normal.jpg">
      <Filter>resources\models\cushion</Filter>
    </CopyFileToFolders>
    <CopyFileToFolders Include="..\resources\models\cushion\cushion_specular.jpg">
      <Filter>resources\models\cushion</Filter>
    </CopyFileToFolders>
    <CopyFileToFolders Include="..\resources\models\backpack\diffuse.jpg">
      <Filter>resources\models\backpack</Filter>
    </CopyFileToFolders>
    <CopyFileToFolders Include="..\resources\shaders\light_cube.vertex">
      <Filter>resources\shaders</Filter>
    </CopyFileToFolders>
    <CopyFileToFolders Include="..\resources\shaders\phong.frag">
      <Filter>resources\shaders</Filter>
    </CopyFileToFolders>
    <CopyFileToFolders Include="..\resources\shaders\phong.vertex">
      <Filter>resources\shaders</Filter>
    </CopyFileToFolders>
    <CopyFileToFolders Include="..\resources\models\backpack\normal.jpg">
      <Filter>resources\models\backpack</Filter>
    </CopyFileToFolders>
    <CopyFileToFolders Include="..\resources\models\backpack\roughness.jpg">
      <Filter>resources\models\backpack</Filter>
    </CopyFileToFolders>
    <CopyFileToFolders Include="..\resources\models\backpack\source_attribution.txt">
      <Filter>resources\models\backpack</Filter>
    </CopyFileToFolders>
    <CopyFileToFolders Include="..\resources\models\backpack\specular.jpg">
      <Filter>resources\models\backpack</Filter>
    </CopyFileToFolders>
    <CopyFileToFolders Include="..\resources\shaders\text.frag">
      <Filter>resources\shaders</Filter>
    </CopyFileToFolders>
    <CopyFileToFolders Include="..\resources\fonts\Antonio-Regular.ttf">
      <Filter>resources\fonts</Filter>
    </CopyFileToFolders>
    <CopyFileToFolders Include="..\resources\shaders\text.vertex">
      <Filter>resources\shaders</Filter>
    </CopyFileToFolders>
    <CopyFileToFolders Include="..\resources\shaders\depthbuffer.frag">
      <Filter>resources\shaders</Filter>
    </CopyFileToFolders>
    <CopyFileToFolders Include="..\resources\shaders\depthbuffer.vertex">
      <Filter>resources\shaders</Filter>
    </CopyFileToFolders>
    <CopyFileToFolders Include="..\resources\textures\rusted_metal.jpg">
      <Filter>resources\textures</Filter>
    </CopyFileToFolders>
    <CopyFileToFolders Include="..\resources\textures\blending_transparent_window.png">
      <Filter>resources\textures</Filter>
    </CopyFileToFolders>
    <CopyFileToFolders Include="..\resources\textures\grass.png">
      <Filter>resources\textures</Filter>
    </CopyFileToFolders>
    <CopyFileToFolders Include="..\resources\shaders\framebuffers_screen.frag">
      <Filter>resources\shaders</Filter>
    </CopyFileToFolders>
    <CopyFileToFolders Include="..\resources\shaders\framebuffers_screen.vertex">
      <Filter>resources\shaders</Filter>
    </CopyFileToFolders>
    <CopyFileToFolders Include="..\resources\shaders\skybox.vertex">
      <Filter>resources\shaders</Filter>
    </CopyFileToFolders>
    <CopyFileToFolders Include="..\resources\shaders\skybox.frag">
      <Filter>resources\shaders</Filter>
    </CopyFileToFolders>
    <CopyFileToFolders Include="..\resources\textures\skybox\back.jpg">
      <Filter>resources\textures\skybox</Filter>
    </CopyFileToFolders>
    <CopyFileToFolders Include="..\resources\textures\skybox\bottom.jpg">
      <Filter>resources\textures\skybox</Filter>
    </CopyFileToFolders>
    <CopyFileToFolders Include="..\resources\textures\skybox\front.jpg">
      <Filter>resources\textures\skybox</Filter>
    </CopyFileToFolders>
    <CopyFileToFolders Include="..\resources\textures\skybox\left.jpg">
      <Filter>resources\textures\skybox</Filter>
    </CopyFileToFolders>
    <CopyFileToFolders Include="..\resources\textures\skybox\right.jpg">
      <Filter>resources\textures\skybox</Filter>
    </CopyFileToFolders>
    <CopyFileToFolders Include="..\resources\textures\skybox\top.jpg">
      <Filter>resources\textures\skybox</Filter>
    </CopyFileToFolders>
    <CopyFileToFolders Include="..\resources\shaders\cubemap.vertex">
      <Filter>resources\shaders</Filter>
    </CopyFileToFolders>
    <CopyFileToFolders Include="..\resources\shaders\cubemap.frag">
      <Filter>resources\shaders</Filter>
    </CopyFileToFolders>
  </ItemGroup>
</Project>